// !$*UTF8*$!
{
	archiveVersion = 1;
	classes = {
	};
	objectVersion = 56;
	objects = {

/* Begin PBXBuildFile section */
		8A9831972D088E8E0011E9C2 /* AppDelegate.swift in Sources */ = {isa = PBXBuildFile; fileRef = 8A9831962D088E8E0011E9C2 /* AppDelegate.swift */; };
		8A9831992D088E8E0011E9C2 /* SceneDelegate.swift in Sources */ = {isa = PBXBuildFile; fileRef = 8A9831982D088E8E0011E9C2 /* SceneDelegate.swift */; };
		8A98319B2D088E8E0011E9C2 /* ViewController.swift in Sources */ = {isa = PBXBuildFile; fileRef = 8A98319A2D088E8E0011E9C2 /* ViewController.swift */; };
		8A9831A02D088E8F0011E9C2 /* Assets.xcassets in Resources */ = {isa = PBXBuildFile; fileRef = 8A98319F2D088E8F0011E9C2 /* Assets.xcassets */; };
		8A9831AB2D088F410011E9C2 /* NearbyFlowController.swift in Sources */ = {isa = PBXBuildFile; fileRef = 8A9831AA2D088F410011E9C2 /* NearbyFlowController.swift */; };
		8A9831B12D09C6CA0011E9C2 /* Colors.swift in Sources */ = {isa = PBXBuildFile; fileRef = 8A9831B02D09C6CA0011E9C2 /* Colors.swift */; };
		8A9831B62D0A07210011E9C2 /* SplashViewController.swift in Sources */ = {isa = PBXBuildFile; fileRef = 8A9831B52D0A07210011E9C2 /* SplashViewController.swift */; };
		8AC42AA32D0DDBED00AB031F /* SplashView.swift in Sources */ = {isa = PBXBuildFile; fileRef = 8AC42AA22D0DDBED00AB031F /* SplashView.swift */; };
		8AC42AA62D0DEE2700AB031F /* TipsView.swift in Sources */ = {isa = PBXBuildFile; fileRef = 8AC42AA52D0DEE2700AB031F /* TipsView.swift */; };
		8AC42AA92D0DF63500AB031F /* WelcomeView.swift in Sources */ = {isa = PBXBuildFile; fileRef = 8AC42AA82D0DF63500AB031F /* WelcomeView.swift */; };
		8AC42AAB2D0E174200AB031F /* WelcomeViewController.swift in Sources */ = {isa = PBXBuildFile; fileRef = 8AC42AAA2D0E174200AB031F /* WelcomeViewController.swift */; };
		8AC42AAE2D0E1F1700AB031F /* UiViewController+ext.swift in Sources */ = {isa = PBXBuildFile; fileRef = 8AC42AAD2D0E1F1700AB031F /* UiViewController+ext.swift */; };
		8AC42AB02D0E209C00AB031F /* SplashFlowDelegate.swift in Sources */ = {isa = PBXBuildFile; fileRef = 8AC42AAF2D0E209C00AB031F /* SplashFlowDelegate.swift */; };
		8AC42AB22D0E477F00AB031F /* Typography.swift in Sources */ = {isa = PBXBuildFile; fileRef = 8AC42AB12D0E477F00AB031F /* Typography.swift */; };
		8AC42AB52D0E4EA200AB031F /* HomeView.swift in Sources */ = {isa = PBXBuildFile; fileRef = 8AC42AB42D0E4EA200AB031F /* HomeView.swift */; };
		8AC42AB72D0E4EB000AB031F /* HomeViewController.swift in Sources */ = {isa = PBXBuildFile; fileRef = 8AC42AB62D0E4EB000AB031F /* HomeViewController.swift */; };
		8AC42ABA2D0E4F2900AB031F /* PlaceTableViewCell.swift in Sources */ = {isa = PBXBuildFile; fileRef = 8AC42AB92D0E4F2900AB031F /* PlaceTableViewCell.swift */; };
		8AC42ABD2D0E8CA200AB031F /* PlaceModel.swift in Sources */ = {isa = PBXBuildFile; fileRef = 8AC42ABC2D0E8CA200AB031F /* PlaceModel.swift */; };
/* End PBXBuildFile section */

/* Begin PBXFileReference section */
		8A9831932D088E8E0011E9C2 /* Nearby-iOS.app */ = {isa = PBXFileReference; explicitFileType = wrapper.application; includeInIndex = 0; path = "Nearby-iOS.app"; sourceTree = BUILT_PRODUCTS_DIR; };
		8A9831962D088E8E0011E9C2 /* AppDelegate.swift */ = {isa = PBXFileReference; lastKnownFileType = sourcecode.swift; path = AppDelegate.swift; sourceTree = "<group>"; };
		8A9831982D088E8E0011E9C2 /* SceneDelegate.swift */ = {isa = PBXFileReference; lastKnownFileType = sourcecode.swift; path = SceneDelegate.swift; sourceTree = "<group>"; };
		8A98319A2D088E8E0011E9C2 /* ViewController.swift */ = {isa = PBXFileReference; lastKnownFileType = sourcecode.swift; path = ViewController.swift; sourceTree = "<group>"; };
		8A98319F2D088E8F0011E9C2 /* Assets.xcassets */ = {isa = PBXFileReference; lastKnownFileType = folder.assetcatalog; path = Assets.xcassets; sourceTree = "<group>"; };
		8A9831A42D088E8F0011E9C2 /* Info.plist */ = {isa = PBXFileReference; lastKnownFileType = text.plist.xml; path = Info.plist; sourceTree = "<group>"; };
		8A9831AA2D088F410011E9C2 /* NearbyFlowController.swift */ = {isa = PBXFileReference; lastKnownFileType = sourcecode.swift; path = NearbyFlowController.swift; sourceTree = "<group>"; };
		8A9831B02D09C6CA0011E9C2 /* Colors.swift */ = {isa = PBXFileReference; lastKnownFileType = sourcecode.swift; path = Colors.swift; sourceTree = "<group>"; };
		8A9831B52D0A07210011E9C2 /* SplashViewController.swift */ = {isa = PBXFileReference; lastKnownFileType = sourcecode.swift; path = SplashViewController.swift; sourceTree = "<group>"; };
		8AC42AA22D0DDBED00AB031F /* SplashView.swift */ = {isa = PBXFileReference; lastKnownFileType = sourcecode.swift; path = SplashView.swift; sourceTree = "<group>"; };
		8AC42AA52D0DEE2700AB031F /* TipsView.swift */ = {isa = PBXFileReference; lastKnownFileType = sourcecode.swift; path = TipsView.swift; sourceTree = "<group>"; };
		8AC42AA82D0DF63500AB031F /* WelcomeView.swift */ = {isa = PBXFileReference; lastKnownFileType = sourcecode.swift; path = WelcomeView.swift; sourceTree = "<group>"; };
		8AC42AAA2D0E174200AB031F /* WelcomeViewController.swift */ = {isa = PBXFileReference; lastKnownFileType = sourcecode.swift; path = WelcomeViewController.swift; sourceTree = "<group>"; };
		8AC42AAD2D0E1F1700AB031F /* UiViewController+ext.swift */ = {isa = PBXFileReference; lastKnownFileType = sourcecode.swift; path = "UiViewController+ext.swift"; sourceTree = "<group>"; };
		8AC42AAF2D0E209C00AB031F /* SplashFlowDelegate.swift */ = {isa = PBXFileReference; lastKnownFileType = sourcecode.swift; path = SplashFlowDelegate.swift; sourceTree = "<group>"; };
		8AC42AB12D0E477F00AB031F /* Typography.swift */ = {isa = PBXFileReference; lastKnownFileType = sourcecode.swift; path = Typography.swift; sourceTree = "<group>"; };
		8AC42AB42D0E4EA200AB031F /* HomeView.swift */ = {isa = PBXFileReference; lastKnownFileType = sourcecode.swift; path = HomeView.swift; sourceTree = "<group>"; };
		8AC42AB62D0E4EB000AB031F /* HomeViewController.swift */ = {isa = PBXFileReference; lastKnownFileType = sourcecode.swift; path = HomeViewController.swift; sourceTree = "<group>"; };
		8AC42AB92D0E4F2900AB031F /* PlaceTableViewCell.swift */ = {isa = PBXFileReference; lastKnownFileType = sourcecode.swift; path = PlaceTableViewCell.swift; sourceTree = "<group>"; };
		8AC42ABC2D0E8CA200AB031F /* PlaceModel.swift */ = {isa = PBXFileReference; lastKnownFileType = sourcecode.swift; path = PlaceModel.swift; sourceTree = "<group>"; };
/* End PBXFileReference section */

/* Begin PBXFrameworksBuildPhase section */
		8A9831902D088E8E0011E9C2 /* Frameworks */ = {
			isa = PBXFrameworksBuildPhase;
			buildActionMask = 2147483647;
			files = (
			);
			runOnlyForDeploymentPostprocessing = 0;
		};
/* End PBXFrameworksBuildPhase section */

/* Begin PBXGroup section */
		8A98318A2D088E8E0011E9C2 = {
			isa = PBXGroup;
			children = (
				8A9831952D088E8E0011E9C2 /* Nearby-iOS */,
				8A9831942D088E8E0011E9C2 /* Products */,
			);
			sourceTree = "<group>";
		};
		8A9831942D088E8E0011E9C2 /* Products */ = {
			isa = PBXGroup;
			children = (
				8A9831932D088E8E0011E9C2 /* Nearby-iOS.app */,
			);
			name = Products;
			sourceTree = "<group>";
		};
		8A9831952D088E8E0011E9C2 /* Nearby-iOS */ = {
			isa = PBXGroup;
			children = (
				8A9831AD2D09C6620011E9C2 /* Sources */,
				8A9831AC2D09C6560011E9C2 /* Resources */,
				8A9831962D088E8E0011E9C2 /* AppDelegate.swift */,
				8A9831982D088E8E0011E9C2 /* SceneDelegate.swift */,
				8A98319A2D088E8E0011E9C2 /* ViewController.swift */,
				8A9831A42D088E8F0011E9C2 /* Info.plist */,
			);
			path = "Nearby-iOS";
			sourceTree = "<group>";
		};
		8A9831AC2D09C6560011E9C2 /* Resources */ = {
			isa = PBXGroup;
			children = (
				8A98319F2D088E8F0011E9C2 /* Assets.xcassets */,
			);
			path = Resources;
			sourceTree = "<group>";
		};
		8A9831AD2D09C6620011E9C2 /* Sources */ = {
			isa = PBXGroup;
			children = (
				8A9831AF2D09C6760011E9C2 /* Features */,
				8A9831AE2D09C6700011E9C2 /* Constants */,
			);
			path = Sources;
			sourceTree = "<group>";
		};
		8A9831AE2D09C6700011E9C2 /* Constants */ = {
			isa = PBXGroup;
			children = (
				8A9831B02D09C6CA0011E9C2 /* Colors.swift */,
				8AC42AB12D0E477F00AB031F /* Typography.swift */,
			);
			path = Constants;
			sourceTree = "<group>";
		};
		8A9831AF2D09C6760011E9C2 /* Features */ = {
			isa = PBXGroup;
			children = (
				8AC42ABB2D0E8C9500AB031F /* Models */,
				8AC42AAC2D0E1EF700AB031F /* Extensions */,
				8AC42AA42D0DEE1600AB031F /* Components */,
				8A9831B32D0A07020011E9C2 /* Scenes */,
				8A9831B22D0A03EC0011E9C2 /* Coordinator */,
			);
			path = Features;
			sourceTree = "<group>";
		};
		8A9831B22D0A03EC0011E9C2 /* Coordinator */ = {
			isa = PBXGroup;
			children = (
				8A9831AA2D088F410011E9C2 /* NearbyFlowController.swift */,
			);
			path = Coordinator;
			sourceTree = "<group>";
		};
		8A9831B32D0A07020011E9C2 /* Scenes */ = {
			isa = PBXGroup;
			children = (
				8AC42AB32D0E4E7A00AB031F /* HomeView */,
				8AC42AA72D0DF62600AB031F /* WelcomeView */,
				8A9831B42D0A07070011E9C2 /* Splash */,
			);
			path = Scenes;
			sourceTree = "<group>";
		};
		8A9831B42D0A07070011E9C2 /* Splash */ = {
			isa = PBXGroup;
			children = (
				8A9831B52D0A07210011E9C2 /* SplashViewController.swift */,
				8AC42AA22D0DDBED00AB031F /* SplashView.swift */,
				8AC42AAF2D0E209C00AB031F /* SplashFlowDelegate.swift */,
			);
			path = Splash;
			sourceTree = "<group>";
		};
		8AC42AA42D0DEE1600AB031F /* Components */ = {
			isa = PBXGroup;
			children = (
				8AC42AA52D0DEE2700AB031F /* TipsView.swift */,
			);
			path = Components;
			sourceTree = "<group>";
		};
		8AC42AA72D0DF62600AB031F /* WelcomeView */ = {
			isa = PBXGroup;
			children = (
				8AC42AA82D0DF63500AB031F /* WelcomeView.swift */,
				8AC42AAA2D0E174200AB031F /* WelcomeViewController.swift */,
			);
			path = WelcomeView;
			sourceTree = "<group>";
		};
		8AC42AAC2D0E1EF700AB031F /* Extensions */ = {
			isa = PBXGroup;
			children = (
				8AC42AAD2D0E1F1700AB031F /* UiViewController+ext.swift */,
			);
			path = Extensions;
			sourceTree = "<group>";
		};
		8AC42AB32D0E4E7A00AB031F /* HomeView */ = {
			isa = PBXGroup;
			children = (
				8AC42AB82D0E4F0000AB031F /* TableViewCell */,
				8AC42AB42D0E4EA200AB031F /* HomeView.swift */,
				8AC42AB62D0E4EB000AB031F /* HomeViewController.swift */,
			);
			path = HomeView;
			sourceTree = "<group>";
		};
		8AC42AB82D0E4F0000AB031F /* TableViewCell */ = {
			isa = PBXGroup;
			children = (
				8AC42AB92D0E4F2900AB031F /* PlaceTableViewCell.swift */,
			);
			path = TableViewCell;
			sourceTree = "<group>";
		};
		8AC42ABB2D0E8C9500AB031F /* Models */ = {
			isa = PBXGroup;
			children = (
				8AC42ABC2D0E8CA200AB031F /* PlaceModel.swift */,
			);
			path = Models;
			sourceTree = "<group>";
		};
/* End PBXGroup section */

/* Begin PBXNativeTarget section */
		8A9831922D088E8E0011E9C2 /* Nearby-iOS */ = {
			isa = PBXNativeTarget;
			buildConfigurationList = 8A9831A72D088E8F0011E9C2 /* Build configuration list for PBXNativeTarget "Nearby-iOS" */;
			buildPhases = (
				8A98318F2D088E8E0011E9C2 /* Sources */,
				8A9831902D088E8E0011E9C2 /* Frameworks */,
				8A9831912D088E8E0011E9C2 /* Resources */,
			);
			buildRules = (
			);
			dependencies = (
			);
			name = "Nearby-iOS";
			productName = "Nearby-iOS";
			productReference = 8A9831932D088E8E0011E9C2 /* Nearby-iOS.app */;
			productType = "com.apple.product-type.application";
		};
/* End PBXNativeTarget section */

/* Begin PBXProject section */
		8A98318B2D088E8E0011E9C2 /* Project object */ = {
			isa = PBXProject;
			attributes = {
				BuildIndependentTargetsInParallel = 1;
				LastSwiftUpdateCheck = 1540;
				LastUpgradeCheck = 1540;
				TargetAttributes = {
					8A9831922D088E8E0011E9C2 = {
						CreatedOnToolsVersion = 15.4;
					};
				};
			};
			buildConfigurationList = 8A98318E2D088E8E0011E9C2 /* Build configuration list for PBXProject "Nearby-iOS" */;
			compatibilityVersion = "Xcode 14.0";
			developmentRegion = en;
			hasScannedForEncodings = 0;
			knownRegions = (
				en,
				Base,
			);
			mainGroup = 8A98318A2D088E8E0011E9C2;
			productRefGroup = 8A9831942D088E8E0011E9C2 /* Products */;
			projectDirPath = "";
			projectRoot = "";
			targets = (
				8A9831922D088E8E0011E9C2 /* Nearby-iOS */,
			);
		};
/* End PBXProject section */

/* Begin PBXResourcesBuildPhase section */
		8A9831912D088E8E0011E9C2 /* Resources */ = {
			isa = PBXResourcesBuildPhase;
			buildActionMask = 2147483647;
			files = (
				8A9831A02D088E8F0011E9C2 /* Assets.xcassets in Resources */,
			);
			runOnlyForDeploymentPostprocessing = 0;
		};
/* End PBXResourcesBuildPhase section */

/* Begin PBXSourcesBuildPhase section */
		8A98318F2D088E8E0011E9C2 /* Sources */ = {
			isa = PBXSourcesBuildPhase;
			buildActionMask = 2147483647;
			files = (
				8A9831AB2D088F410011E9C2 /* NearbyFlowController.swift in Sources */,
				8AC42AB52D0E4EA200AB031F /* HomeView.swift in Sources */,
				8AC42ABD2D0E8CA200AB031F /* PlaceModel.swift in Sources */,
				8AC42AAB2D0E174200AB031F /* WelcomeViewController.swift in Sources */,
				8A9831B12D09C6CA0011E9C2 /* Colors.swift in Sources */,
				8A98319B2D088E8E0011E9C2 /* ViewController.swift in Sources */,
				8AC42AB72D0E4EB000AB031F /* HomeViewController.swift in Sources */,
				8A9831B62D0A07210011E9C2 /* SplashViewController.swift in Sources */,
				8AC42AB02D0E209C00AB031F /* SplashFlowDelegate.swift in Sources */,
				8AC42AA92D0DF63500AB031F /* WelcomeView.swift in Sources */,
				8AC42AA62D0DEE2700AB031F /* TipsView.swift in Sources */,
				8A9831972D088E8E0011E9C2 /* AppDelegate.swift in Sources */,
				8AC42ABA2D0E4F2900AB031F /* PlaceTableViewCell.swift in Sources */,
				8AC42AAE2D0E1F1700AB031F /* UiViewController+ext.swift in Sources */,
				8A9831992D088E8E0011E9C2 /* SceneDelegate.swift in Sources */,
				8AC42AB22D0E477F00AB031F /* Typography.swift in Sources */,
				8AC42AA32D0DDBED00AB031F /* SplashView.swift in Sources */,
			);
			runOnlyForDeploymentPostprocessing = 0;
		};
/* End PBXSourcesBuildPhase section */

/* Begin XCBuildConfiguration section */
		8A9831A52D088E8F0011E9C2 /* Debug */ = {
			isa = XCBuildConfiguration;
			buildSettings = {
				ALWAYS_SEARCH_USER_PATHS = NO;
				ASSETCATALOG_COMPILER_GENERATE_SWIFT_ASSET_SYMBOL_EXTENSIONS = YES;
				CLANG_ANALYZER_NONNULL = YES;
				CLANG_ANALYZER_NUMBER_OBJECT_CONVERSION = YES_AGGRESSIVE;
				CLANG_CXX_LANGUAGE_STANDARD = "gnu++20";
				CLANG_ENABLE_MODULES = YES;
				CLANG_ENABLE_OBJC_ARC = YES;
				CLANG_ENABLE_OBJC_WEAK = YES;
				CLANG_WARN_BLOCK_CAPTURE_AUTORELEASING = YES;
				CLANG_WARN_BOOL_CONVERSION = YES;
				CLANG_WARN_COMMA = YES;
				CLANG_WARN_CONSTANT_CONVERSION = YES;
				CLANG_WARN_DEPRECATED_OBJC_IMPLEMENTATIONS = YES;
				CLANG_WARN_DIRECT_OBJC_ISA_USAGE = YES_ERROR;
				CLANG_WARN_DOCUMENTATION_COMMENTS = YES;
				CLANG_WARN_EMPTY_BODY = YES;
				CLANG_WARN_ENUM_CONVERSION = YES;
				CLANG_WARN_INFINITE_RECURSION = YES;
				CLANG_WARN_INT_CONVERSION = YES;
				CLANG_WARN_NON_LITERAL_NULL_CONVERSION = YES;
				CLANG_WARN_OBJC_IMPLICIT_RETAIN_SELF = YES;
				CLANG_WARN_OBJC_LITERAL_CONVERSION = YES;
				CLANG_WARN_OBJC_ROOT_CLASS = YES_ERROR;
				CLANG_WARN_QUOTED_INCLUDE_IN_FRAMEWORK_HEADER = YES;
				CLANG_WARN_RANGE_LOOP_ANALYSIS = YES;
				CLANG_WARN_STRICT_PROTOTYPES = YES;
				CLANG_WARN_SUSPICIOUS_MOVE = YES;
				CLANG_WARN_UNGUARDED_AVAILABILITY = YES_AGGRESSIVE;
				CLANG_WARN_UNREACHABLE_CODE = YES;
				CLANG_WARN__DUPLICATE_METHOD_MATCH = YES;
				COPY_PHASE_STRIP = NO;
				DEBUG_INFORMATION_FORMAT = dwarf;
				ENABLE_STRICT_OBJC_MSGSEND = YES;
				ENABLE_TESTABILITY = YES;
				ENABLE_USER_SCRIPT_SANDBOXING = YES;
				GCC_C_LANGUAGE_STANDARD = gnu17;
				GCC_DYNAMIC_NO_PIC = NO;
				GCC_NO_COMMON_BLOCKS = YES;
				GCC_OPTIMIZATION_LEVEL = 0;
				GCC_PREPROCESSOR_DEFINITIONS = (
					"DEBUG=1",
					"$(inherited)",
				);
				GCC_WARN_64_TO_32_BIT_CONVERSION = YES;
				GCC_WARN_ABOUT_RETURN_TYPE = YES_ERROR;
				GCC_WARN_UNDECLARED_SELECTOR = YES;
				GCC_WARN_UNINITIALIZED_AUTOS = YES_AGGRESSIVE;
				GCC_WARN_UNUSED_FUNCTION = YES;
				GCC_WARN_UNUSED_VARIABLE = YES;
				IPHONEOS_DEPLOYMENT_TARGET = 17.5;
				LOCALIZATION_PREFERS_STRING_CATALOGS = YES;
				MTL_ENABLE_DEBUG_INFO = INCLUDE_SOURCE;
				MTL_FAST_MATH = YES;
				ONLY_ACTIVE_ARCH = YES;
				SDKROOT = iphoneos;
				SWIFT_ACTIVE_COMPILATION_CONDITIONS = "DEBUG $(inherited)";
				SWIFT_OPTIMIZATION_LEVEL = "-Onone";
			};
			name = Debug;
		};
		8A9831A62D088E8F0011E9C2 /* Release */ = {
			isa = XCBuildConfiguration;
			buildSettings = {
				ALWAYS_SEARCH_USER_PATHS = NO;
				ASSETCATALOG_COMPILER_GENERATE_SWIFT_ASSET_SYMBOL_EXTENSIONS = YES;
				CLANG_ANALYZER_NONNULL = YES;
				CLANG_ANALYZER_NUMBER_OBJECT_CONVERSION = YES_AGGRESSIVE;
				CLANG_CXX_LANGUAGE_STANDARD = "gnu++20";
				CLANG_ENABLE_MODULES = YES;
				CLANG_ENABLE_OBJC_ARC = YES;
				CLANG_ENABLE_OBJC_WEAK = YES;
				CLANG_WARN_BLOCK_CAPTURE_AUTORELEASING = YES;
				CLANG_WARN_BOOL_CONVERSION = YES;
				CLANG_WARN_COMMA = YES;
				CLANG_WARN_CONSTANT_CONVERSION = YES;
				CLANG_WARN_DEPRECATED_OBJC_IMPLEMENTATIONS = YES;
				CLANG_WARN_DIRECT_OBJC_ISA_USAGE = YES_ERROR;
				CLANG_WARN_DOCUMENTATION_COMMENTS = YES;
				CLANG_WARN_EMPTY_BODY = YES;
				CLANG_WARN_ENUM_CONVERSION = YES;
				CLANG_WARN_INFINITE_RECURSION = YES;
				CLANG_WARN_INT_CONVERSION = YES;
				CLANG_WARN_NON_LITERAL_NULL_CONVERSION = YES;
				CLANG_WARN_OBJC_IMPLICIT_RETAIN_SELF = YES;
				CLANG_WARN_OBJC_LITERAL_CONVERSION = YES;
				CLANG_WARN_OBJC_ROOT_CLASS = YES_ERROR;
				CLANG_WARN_QUOTED_INCLUDE_IN_FRAMEWORK_HEADER = YES;
				CLANG_WARN_RANGE_LOOP_ANALYSIS = YES;
				CLANG_WARN_STRICT_PROTOTYPES = YES;
				CLANG_WARN_SUSPICIOUS_MOVE = YES;
				CLANG_WARN_UNGUARDED_AVAILABILITY = YES_AGGRESSIVE;
				CLANG_WARN_UNREACHABLE_CODE = YES;
				CLANG_WARN__DUPLICATE_METHOD_MATCH = YES;
				COPY_PHASE_STRIP = NO;
				DEBUG_INFORMATION_FORMAT = "dwarf-with-dsym";
				ENABLE_NS_ASSERTIONS = NO;
				ENABLE_STRICT_OBJC_MSGSEND = YES;
				ENABLE_USER_SCRIPT_SANDBOXING = YES;
				GCC_C_LANGUAGE_STANDARD = gnu17;
				GCC_NO_COMMON_BLOCKS = YES;
				GCC_WARN_64_TO_32_BIT_CONVERSION = YES;
				GCC_WARN_ABOUT_RETURN_TYPE = YES_ERROR;
				GCC_WARN_UNDECLARED_SELECTOR = YES;
				GCC_WARN_UNINITIALIZED_AUTOS = YES_AGGRESSIVE;
				GCC_WARN_UNUSED_FUNCTION = YES;
				GCC_WARN_UNUSED_VARIABLE = YES;
				IPHONEOS_DEPLOYMENT_TARGET = 17.5;
				LOCALIZATION_PREFERS_STRING_CATALOGS = YES;
				MTL_ENABLE_DEBUG_INFO = NO;
				MTL_FAST_MATH = YES;
				SDKROOT = iphoneos;
				SWIFT_COMPILATION_MODE = wholemodule;
				VALIDATE_PRODUCT = YES;
			};
			name = Release;
		};
		8A9831A82D088E8F0011E9C2 /* Debug */ = {
			isa = XCBuildConfiguration;
			buildSettings = {
				ASSETCATALOG_COMPILER_APPICON_NAME = AppIcon;
				ASSETCATALOG_COMPILER_GLOBAL_ACCENT_COLOR_NAME = AccentColor;
				CODE_SIGN_STYLE = Automatic;
				CURRENT_PROJECT_VERSION = 1;
				DEVELOPMENT_TEAM = CAC3B4THBV;
				GENERATE_INFOPLIST_FILE = YES;
				INFOPLIST_FILE = "Nearby-iOS/Info.plist";
				INFOPLIST_KEY_UIApplicationSupportsIndirectInputEvents = YES;
				INFOPLIST_KEY_UILaunchStoryboardName = LaunchScreen;
				INFOPLIST_KEY_UISupportedInterfaceOrientations_iPad = "UIInterfaceOrientationPortrait UIInterfaceOrientationPortraitUpsideDown UIInterfaceOrientationLandscapeLeft UIInterfaceOrientationLandscapeRight";
				INFOPLIST_KEY_UISupportedInterfaceOrientations_iPhone = "UIInterfaceOrientationPortrait UIInterfaceOrientationLandscapeLeft UIInterfaceOrientationLandscapeRight";
				LD_RUNPATH_SEARCH_PATHS = (
					"$(inherited)",
					"@executable_path/Frameworks",
				);
				MARKETING_VERSION = 1.0;
				PRODUCT_BUNDLE_IDENTIFIER = "com.sthefanysiqueira.Nearby-iOS";
				PRODUCT_NAME = "$(TARGET_NAME)";
				SWIFT_EMIT_LOC_STRINGS = YES;
				SWIFT_VERSION = 5.0;
				TARGETED_DEVICE_FAMILY = "1,2";
			};
			name = Debug;
		};
		8A9831A92D088E8F0011E9C2 /* Release */ = {
			isa = XCBuildConfiguration;
			buildSettings = {
				ASSETCATALOG_COMPILER_APPICON_NAME = AppIcon;
				ASSETCATALOG_COMPILER_GLOBAL_ACCENT_COLOR_NAME = AccentColor;
				CODE_SIGN_STYLE = Automatic;
				CURRENT_PROJECT_VERSION = 1;
				DEVELOPMENT_TEAM = CAC3B4THBV;
				GENERATE_INFOPLIST_FILE = YES;
				INFOPLIST_FILE = "Nearby-iOS/Info.plist";
				INFOPLIST_KEY_UIApplicationSupportsIndirectInputEvents = YES;
				INFOPLIST_KEY_UILaunchStoryboardName = LaunchScreen;
				INFOPLIST_KEY_UISupportedInterfaceOrientations_iPad = "UIInterfaceOrientationPortrait UIInterfaceOrientationPortraitUpsideDown UIInterfaceOrientationLandscapeLeft UIInterfaceOrientationLandscapeRight";
				INFOPLIST_KEY_UISupportedInterfaceOrientations_iPhone = "UIInterfaceOrientationPortrait UIInterfaceOrientationLandscapeLeft UIInterfaceOrientationLandscapeRight";
				LD_RUNPATH_SEARCH_PATHS = (
					"$(inherited)",
					"@executable_path/Frameworks",
				);
				MARKETING_VERSION = 1.0;
				PRODUCT_BUNDLE_IDENTIFIER = "com.sthefanysiqueira.Nearby-iOS";
				PRODUCT_NAME = "$(TARGET_NAME)";
				SWIFT_EMIT_LOC_STRINGS = YES;
				SWIFT_VERSION = 5.0;
				TARGETED_DEVICE_FAMILY = "1,2";
			};
			name = Release;
		};
/* End XCBuildConfiguration section */

/* Begin XCConfigurationList section */
		8A98318E2D088E8E0011E9C2 /* Build configuration list for PBXProject "Nearby-iOS" */ = {
			isa = XCConfigurationList;
			buildConfigurations = (
				8A9831A52D088E8F0011E9C2 /* Debug */,
				8A9831A62D088E8F0011E9C2 /* Release */,
			);
			defaultConfigurationIsVisible = 0;
			defaultConfigurationName = Release;
		};
		8A9831A72D088E8F0011E9C2 /* Build configuration list for PBXNativeTarget "Nearby-iOS" */ = {
			isa = XCConfigurationList;
			buildConfigurations = (
				8A9831A82D088E8F0011E9C2 /* Debug */,
				8A9831A92D088E8F0011E9C2 /* Release */,
			);
			defaultConfigurationIsVisible = 0;
			defaultConfigurationName = Release;
		};
/* End XCConfigurationList section */
	};
	rootObject = 8A98318B2D088E8E0011E9C2 /* Project object */;
}
